
Microsoft Visual Studio Solution File, Format Version 12.00
# Visual Studio Version 16
VisualStudioVersion = 16.0.29009.5
MinimumVisualStudioVersion = 10.0.40219.1
Project("{FAE04EC0-301F-11D3-BF4B-00C04F79EFBC}") = "Proyecto", "Proyecto\Proyecto.csproj", "{6DF84CEE-B845-4AD1-A61F-373DCCF8C2D0}"
EndProject
Project("{FAE04EC0-301F-11D3-BF4B-00C04F79EFBC}") = "Capa de Negocios", "Capa de Negocios\Capa de Negocios.csproj", "{0B873D8F-ED33-42E4-822A-92CBA3FA938A}"
EndProject
Project("{FAE04EC0-301F-11D3-BF4B-00C04F79EFBC}") = "Capa de Datos", "Capa de Datos\Capa de Datos.csproj", "{513DC53C-C9B9-4D96-868C-43A991B457CD}"
EndProject
Global
	GlobalSection(SolutionConfigurationPlatforms) = preSolution
		Debug|Any CPU = Debug|Any CPU
		Release|Any CPU = Release|Any CPU
	EndGlobalSection
	GlobalSection(ProjectConfigurationPlatforms) = postSolution
		{6DF84CEE-B845-4AD1-A61F-373DCCF8C2D0}.Debug|Any CPU.ActiveCfg = Debug|Any CPU
		{6DF84CEE-B845-4AD1-A61F-373DCCF8C2D0}.Debug|Any CPU.Build.0 = Debug|Any CPU
		{6DF84CEE-B845-4AD1-A61F-373DCCF8C2D0}.Release|Any CPU.ActiveCfg = Release|Any CPU
		{6DF84CEE-B845-4AD1-A61F-373DCCF8C2D0}.Release|Any CPU.Build.0 = Release|Any CPU
		{0B873D8F-ED33-42E4-822A-92CBA3FA938A}.Debug|Any CPU.ActiveCfg = Debug|Any CPU
		{0B873D8F-ED33-42E4-822A-92CBA3FA938A}.Debug|Any CPU.Build.0 = Debug|Any CPU
		{0B873D8F-ED33-42E4-822A-92CBA3FA938A}.Release|Any CPU.ActiveCfg = Release|Any CPU
		{0B873D8F-ED33-42E4-822A-92CBA3FA938A}.Release|Any CPU.Build.0 = Release|Any CPU
		{513DC53C-C9B9-4D96-868C-43A991B457CD}.Debug|Any CPU.ActiveCfg = Debug|Any CPU
		{513DC53C-C9B9-4D96-868C-43A991B457CD}.Debug|Any CPU.Build.0 = Debug|Any CPU
		{513DC53C-C9B9-4D96-868C-43A991B457CD}.Release|Any CPU.ActiveCfg = Release|Any CPU
		{513DC53C-C9B9-4D96-868C-43A991B457CD}.Release|Any CPU.Build.0 = Release|Any CPU
	EndGlobalSection
	GlobalSection(SolutionProperties) = preSolution
		HideSolutionNode = FALSE
	EndGlobalSection
	GlobalSection(ExtensibilityGlobals) = postSolution
		SolutionGuid = {8CE46E78-6E75-447F-A3EE-DDCE22F024FA}
	EndGlobalSection
EndGlobal
